
Microsoft Visual Studio Solution File, Format Version 12.00
# Visual Studio Version 16
VisualStudioVersion = 16.0.29613.14
MinimumVisualStudioVersion = 10.0.40219.1
Project("{FAE04EC0-301F-11D3-BF4B-00C04F79EFBC}") = "ConfigDataExport", "ConfigDataExport.csproj", "{F67B97B0-FC9A-495F-9CB4-875FFF5E6D22}"
EndProject
Global
	GlobalSection(SolutionConfigurationPlatforms) = preSolution
		Debug|Any CPU = Debug|Any CPU
		Release|Any CPU = Release|Any CPU
	EndGlobalSection
	GlobalSection(ProjectConfigurationPlatforms) = postSolution
		{F67B97B0-FC9A-495F-9CB4-875FFF5E6D22}.Debug|Any CPU.ActiveCfg = Debug|Any CPU
		{F67B97B0-FC9A-495F-9CB4-875FFF5E6D22}.Debug|Any CPU.Build.0 = Debug|Any CPU
		{F67B97B0-FC9A-495F-9CB4-875FFF5E6D22}.Release|Any CPU.ActiveCfg = Release|Any CPU
		{F67B97B0-FC9A-495F-9CB4-875FFF5E6D22}.Release|Any CPU.Build.0 = Release|Any CPU
	EndGlobalSection
	GlobalSection(SolutionProperties) = preSolution
		HideSolutionNode = FALSE
	EndGlobalSection
	GlobalSection(ExtensibilityGlobals) = postSolution
		SolutionGuid = {3AA64425-98EA-45BB-B231-D68113537AC5}
	EndGlobalSection
EndGlobal
